Microsoft Visual Studio Solution File, Format Version 12.00
# Visual Studio Version 17
VisualStudioVersion = 17.5.2.0
MinimumVisualStudioVersion = 10.0.40219.1
Project("{FAE04EC0-301F-11D3-BF4B-00C04F79EFBC}") = "be-justthread", "be-justthread.csproj", "{32512B40-FBE7-A636-486B-C43A31E81139}"
EndProject
Global
	GlobalSection(SolutionConfigurationPlatforms) = preSolution
		Debug|Any CPU = Debug|Any CPU
		Release|Any CPU = Release|Any CPU
	EndGlobalSection
	GlobalSection(ProjectConfigurationPlatforms) = postSolution
		{32512B40-FBE7-A636-486B-C43A31E81139}.Debug|Any CPU.ActiveCfg = Debug|Any CPU
		{32512B40-FBE7-A636-486B-C43A31E81139}.Debug|Any CPU.Build.0 = Debug|Any CPU
		{32512B40-FBE7-A636-486B-C43A31E81139}.Release|Any CPU.ActiveCfg = Release|Any CPU
		{32512B40-FBE7-A636-486B-C43A31E81139}.Release|Any CPU.Build.0 = Release|Any CPU
	EndGlobalSection
	GlobalSection(SolutionProperties) = preSolution
		HideSolutionNode = FALSE
	EndGlobalSection
	GlobalSection(ExtensibilityGlobals) = postSolution
		SolutionGuid = {CE6C7798-E42E-4B4D-B6BB-AD26322D2A6C}
	EndGlobalSection
EndGlobal
